// !$*UTF8*$!
{
	archiveVersion = 1;
	classes = {
	};
	objectVersion = 55;
	objects = {

/* Begin PBXBuildFile section */
		236F65781C5BE2E29CF7BC06 /* libPods-FlixterTests.a in Frameworks */ = {isa = PBXBuildFile; fileRef = C2087D27CF207177FBF10346 /* libPods-FlixterTests.a */; };
		450C9788660B747362E331D6 /* libPods-Flixter.a in Frameworks */ = {isa = PBXBuildFile; fileRef = 22EF9528982E3EC1CBF486E6 /* libPods-Flixter.a */; };
		B41343DEC4F8D0B0920851A5 /* libPods-FlixterUITests.a in Frameworks */ = {isa = PBXBuildFile; fileRef = 73FD3FBB64C03945F3D63C0C /* libPods-FlixterUITests.a */; };
		F51C9D80285CE5B3004C47DE /* DetailViewController.m in Sources */ = {isa = PBXBuildFile; fileRef = F51C9D7F285CE5B3004C47DE /* DetailViewController.m */; };
		F51C9D83285D384B004C47DE /* GridViewController.m in Sources */ = {isa = PBXBuildFile; fileRef = F51C9D82285D384B004C47DE /* GridViewController.m */; };
		F58F86BA285A4D8C00B8FE94 /* AppDelegate.m in Sources */ = {isa = PBXBuildFile; fileRef = F58F86B9285A4D8C00B8FE94 /* AppDelegate.m */; };
		F58F86BD285A4D8C00B8FE94 /* SceneDelegate.m in Sources */ = {isa = PBXBuildFile; fileRef = F58F86BC285A4D8C00B8FE94 /* SceneDelegate.m */; };
		F58F86C3285A4D8C00B8FE94 /* Main.storyboard in Resources */ = {isa = PBXBuildFile; fileRef = F58F86C1285A4D8C00B8FE94 /* Main.storyboard */; };
		F58F86C5285A4D8C00B8FE94 /* Assets.xcassets in Resources */ = {isa = PBXBuildFile; fileRef = F58F86C4285A4D8C00B8FE94 /* Assets.xcassets */; };
		F58F86C8285A4D8C00B8FE94 /* LaunchScreen.storyboard in Resources */ = {isa = PBXBuildFile; fileRef = F58F86C6285A4D8C00B8FE94 /* LaunchScreen.storyboard */; };
		F58F86CB285A4D8C00B8FE94 /* main.m in Sources */ = {isa = PBXBuildFile; fileRef = F58F86CA285A4D8C00B8FE94 /* main.m */; };
		F58F86D5285A4D8D00B8FE94 /* FlixterTests.m in Sources */ = {isa = PBXBuildFile; fileRef = F58F86D4285A4D8D00B8FE94 /* FlixterTests.m */; };
		F58F86DF285A4D8D00B8FE94 /* FlixterUITests.m in Sources */ = {isa = PBXBuildFile; fileRef = F58F86DE285A4D8D00B8FE94 /* FlixterUITests.m */; };
		F58F86E1285A4D8D00B8FE94 /* FlixterUITestsLaunchTests.m in Sources */ = {isa = PBXBuildFile; fileRef = F58F86E0285A4D8D00B8FE94 /* FlixterUITestsLaunchTests.m */; };
		F5DDB7322860EC030067C6C6 /* CollectionViewCell.m in Sources */ = {isa = PBXBuildFile; fileRef = F5DDB7312860EC030067C6C6 /* CollectionViewCell.m */; };
		F5FD3BE6285A9670006DE2A3 /* MovieViewController.m in Sources */ = {isa = PBXBuildFile; fileRef = F5FD3BE5285A9670006DE2A3 /* MovieViewController.m */; };
		F5FD3C2D285BE77D006DE2A3 /* MovieCell.m in Sources */ = {isa = PBXBuildFile; fileRef = F5FD3C2C285BE77D006DE2A3 /* MovieCell.m */; };
/* End PBXBuildFile section */

/* Begin PBXContainerItemProxy section */
		F58F86D1285A4D8D00B8FE94 /* PBXContainerItemProxy */ = {
			isa = PBXContainerItemProxy;
			containerPortal = F58F86AD285A4D8C00B8FE94 /* Project object */;
			proxyType = 1;
			remoteGlobalIDString = F58F86B4285A4D8C00B8FE94;
			remoteInfo = Flixter;
		};
		F58F86DB285A4D8D00B8FE94 /* PBXContainerItemProxy */ = {
			isa = PBXContainerItemProxy;
			containerPortal = F58F86AD285A4D8C00B8FE94 /* Project object */;
			proxyType = 1;
			remoteGlobalIDString = F58F86B4285A4D8C00B8FE94;
			remoteInfo = Flixter;
		};
/* End PBXContainerItemProxy section */

/* Begin PBXFileReference section */
		22EF9528982E3EC1CBF486E6 /* libPods-Flixter.a */ = {isa = PBXFileReference; explicitFileType = archive.ar; includeInIndex = 0; path = "libPods-Flixter.a"; sourceTree = BUILT_PRODUCTS_DIR; };
		2EB2FF3EDCC6C76C56597554 /* Pods-FlixterUITests.debug.xcconfig */ = {isa = PBXFileReference; includeInIndex = 1; lastKnownFileType = text.xcconfig; name = "Pods-FlixterUITests.debug.xcconfig"; path = "Pods/Target Support Files/Pods-FlixterUITests/Pods-FlixterUITests.debug.xcconfig"; sourceTree = "<group>"; };
		701740238D441FBFDEE582E1 /* Pods-Flixter.release.xcconfig */ = {isa = PBXFileReference; includeInIndex = 1; lastKnownFileType = text.xcconfig; name = "Pods-Flixter.release.xcconfig"; path = "Pods/Target Support Files/Pods-Flixter/Pods-Flixter.release.xcconfig"; sourceTree = "<group>"; };
		73FD3FBB64C03945F3D63C0C /* libPods-FlixterUITests.a */ = {isa = PBXFileReference; explicitFileType = archive.ar; includeInIndex = 0; path = "libPods-FlixterUITests.a"; sourceTree = BUILT_PRODUCTS_DIR; };
		BB110548A745F786B6A1ED96 /* Pods-FlixterTests.release.xcconfig */ = {isa = PBXFileReference; includeInIndex = 1; lastKnownFileType = text.xcconfig; name = "Pods-FlixterTests.release.xcconfig"; path = "Pods/Target Support Files/Pods-FlixterTests/Pods-FlixterTests.release.xcconfig"; sourceTree = "<group>"; };
		C2087D27CF207177FBF10346 /* libPods-FlixterTests.a */ = {isa = PBXFileReference; explicitFileType = archive.ar; includeInIndex = 0; path = "libPods-FlixterTests.a"; sourceTree = BUILT_PRODUCTS_DIR; };
		C658A65FDA7767109C572690 /* Pods-FlixterUITests.release.xcconfig */ = {isa = PBXFileReference; includeInIndex = 1; lastKnownFileType = text.xcconfig; name = "Pods-FlixterUITests.release.xcconfig"; path = "Pods/Target Support Files/Pods-FlixterUITests/Pods-FlixterUITests.release.xcconfig"; sourceTree = "<group>"; };
		E9134B4AF3F001A08D5EB532 /* Pods-Flixter.debug.xcconfig */ = {isa = PBXFileReference; includeInIndex = 1; lastKnownFileType = text.xcconfig; name = "Pods-Flixter.debug.xcconfig"; path = "Pods/Target Support Files/Pods-Flixter/Pods-Flixter.debug.xcconfig"; sourceTree = "<group>"; };
		EAD5E21A4371ED6BC12D1DC9 /* Pods-FlixterTests.debug.xcconfig */ = {isa = PBXFileReference; includeInIndex = 1; lastKnownFileType = text.xcconfig; name = "Pods-FlixterTests.debug.xcconfig"; path = "Pods/Target Support Files/Pods-FlixterTests/Pods-FlixterTests.debug.xcconfig"; sourceTree = "<group>"; };
		F51C9D7E285CE5B3004C47DE /* DetailViewController.h */ = {isa = PBXFileReference; lastKnownFileType = sourcecode.c.h; path = DetailViewController.h; sourceTree = "<group>"; };
		F51C9D7F285CE5B3004C47DE /* DetailViewController.m */ = {isa = PBXFileReference; lastKnownFileType = sourcecode.c.objc; path = DetailViewController.m; sourceTree = "<group>"; };
		F51C9D81285D384B004C47DE /* GridViewController.h */ = {isa = PBXFileReference; lastKnownFileType = sourcecode.c.h; path = GridViewController.h; sourceTree = "<group>"; };
		F51C9D82285D384B004C47DE /* GridViewController.m */ = {isa = PBXFileReference; lastKnownFileType = sourcecode.c.objc; path = GridViewController.m; sourceTree = "<group>"; };
		F58F86B5285A4D8C00B8FE94 /* Flixter.app */ = {isa = PBXFileReference; explicitFileType = wrapper.application; includeInIndex = 0; path = Flixter.app; sourceTree = BUILT_PRODUCTS_DIR; };
		F58F86B8285A4D8C00B8FE94 /* AppDelegate.h */ = {isa = PBXFileReference; lastKnownFileType = sourcecode.c.h; path = AppDelegate.h; sourceTree = "<group>"; };
		F58F86B9285A4D8C00B8FE94 /* AppDelegate.m */ = {isa = PBXFileReference; lastKnownFileType = sourcecode.c.objc; path = AppDelegate.m; sourceTree = "<group>"; };
		F58F86BB285A4D8C00B8FE94 /* SceneDelegate.h */ = {isa = PBXFileReference; lastKnownFileType = sourcecode.c.h; path = SceneDelegate.h; sourceTree = "<group>"; };
		F58F86BC285A4D8C00B8FE94 /* SceneDelegate.m */ = {isa = PBXFileReference; lastKnownFileType = sourcecode.c.objc; path = SceneDelegate.m; sourceTree = "<group>"; };
		F58F86C2285A4D8C00B8FE94 /* Base */ = {isa = PBXFileReference; lastKnownFileType = file.storyboard; name = Base; path = Base.lproj/Main.storyboard; sourceTree = "<group>"; };
		F58F86C4285A4D8C00B8FE94 /* Assets.xcassets */ = {isa = PBXFileReference; lastKnownFileType = folder.assetcatalog; path = Assets.xcassets; sourceTree = "<group>"; };
		F58F86C7285A4D8C00B8FE94 /* Base */ = {isa = PBXFileReference; lastKnownFileType = file.storyboard; name = Base; path = Base.lproj/LaunchScreen.storyboard; sourceTree = "<group>"; };
		F58F86C9285A4D8C00B8FE94 /* Info.plist */ = {isa = PBXFileReference; lastKnownFileType = text.plist.xml; path = Info.plist; sourceTree = "<group>"; };
		F58F86CA285A4D8C00B8FE94 /* main.m */ = {isa = PBXFileReference; lastKnownFileType = sourcecode.c.objc; path = main.m; sourceTree = "<group>"; };
		F58F86D0285A4D8D00B8FE94 /* FlixterTests.xctest */ = {isa = PBXFileReference; explicitFileType = wrapper.cfbundle; includeInIndex = 0; path = FlixterTests.xctest; sourceTree = BUILT_PRODUCTS_DIR; };
		F58F86D4285A4D8D00B8FE94 /* FlixterTests.m */ = {isa = PBXFileReference; lastKnownFileType = sourcecode.c.objc; path = FlixterTests.m; sourceTree = "<group>"; };
		F58F86DA285A4D8D00B8FE94 /* FlixterUITests.xctest */ = {isa = PBXFileReference; explicitFileType = wrapper.cfbundle; includeInIndex = 0; path = FlixterUITests.xctest; sourceTree = BUILT_PRODUCTS_DIR; };
		F58F86DE285A4D8D00B8FE94 /* FlixterUITests.m */ = {isa = PBXFileReference; lastKnownFileType = sourcecode.c.objc; path = FlixterUITests.m; sourceTree = "<group>"; };
		F58F86E0285A4D8D00B8FE94 /* FlixterUITestsLaunchTests.m */ = {isa = PBXFileReference; lastKnownFileType = sourcecode.c.objc; path = FlixterUITestsLaunchTests.m; sourceTree = "<group>"; };
		F5DDB7302860EC030067C6C6 /* CollectionViewCell.h */ = {isa = PBXFileReference; lastKnownFileType = sourcecode.c.h; path = CollectionViewCell.h; sourceTree = "<group>"; };
		F5DDB7312860EC030067C6C6 /* CollectionViewCell.m */ = {isa = PBXFileReference; lastKnownFileType = sourcecode.c.objc; path = CollectionViewCell.m; sourceTree = "<group>"; };
		F5FD3BE4285A9670006DE2A3 /* MovieViewController.h */ = {isa = PBXFileReference; lastKnownFileType = sourcecode.c.h; path = MovieViewController.h; sourceTree = "<group>"; };
		F5FD3BE5285A9670006DE2A3 /* MovieViewController.m */ = {isa = PBXFileReference; lastKnownFileType = sourcecode.c.objc; path = MovieViewController.m; sourceTree = "<group>"; };
		F5FD3C2B285BE77D006DE2A3 /* MovieCell.h */ = {isa = PBXFileReference; lastKnownFileType = sourcecode.c.h; path = MovieCell.h; sourceTree = "<group>"; };
		F5FD3C2C285BE77D006DE2A3 /* MovieCell.m */ = {isa = PBXFileReference; lastKnownFileType = sourcecode.c.objc; path = MovieCell.m; sourceTree = "<group>"; };
/* End PBXFileReference section */

/* Begin PBXFrameworksBuildPhase section */
		F58F86B2285A4D8C00B8FE94 /* Frameworks */ = {
			isa = PBXFrameworksBuildPhase;
			buildActionMask = 2147483647;
			files = (
				450C9788660B747362E331D6 /* libPods-Flixter.a in Frameworks */,
			);
			runOnlyForDeploymentPostprocessing = 0;
		};
		F58F86CD285A4D8D00B8FE94 /* Frameworks */ = {
			isa = PBXFrameworksBuildPhase;
			buildActionMask = 2147483647;
			files = (
				236F65781C5BE2E29CF7BC06 /* libPods-FlixterTests.a in Frameworks */,
			);
			runOnlyForDeploymentPostprocessing = 0;
		};
		F58F86D7285A4D8D00B8FE94 /* Frameworks */ = {
			isa = PBXFrameworksBuildPhase;
			buildActionMask = 2147483647;
			files = (
				B41343DEC4F8D0B0920851A5 /* libPods-FlixterUITests.a in Frameworks */,
			);
			runOnlyForDeploymentPostprocessing = 0;
		};
/* End PBXFrameworksBuildPhase section */

/* Begin PBXGroup section */
		B45DB2D83E45AFC61C9F7B3B /* Frameworks */ = {
			isa = PBXGroup;
			children = (
				22EF9528982E3EC1CBF486E6 /* libPods-Flixter.a */,
				C2087D27CF207177FBF10346 /* libPods-FlixterTests.a */,
				73FD3FBB64C03945F3D63C0C /* libPods-FlixterUITests.a */,
			);
			name = Frameworks;
			sourceTree = "<group>";
		};
		C30F62A601146136D84E2897 /* Pods */ = {
			isa = PBXGroup;
			children = (
				E9134B4AF3F001A08D5EB532 /* Pods-Flixter.debug.xcconfig */,
				701740238D441FBFDEE582E1 /* Pods-Flixter.release.xcconfig */,
				EAD5E21A4371ED6BC12D1DC9 /* Pods-FlixterTests.debug.xcconfig */,
				BB110548A745F786B6A1ED96 /* Pods-FlixterTests.release.xcconfig */,
				2EB2FF3EDCC6C76C56597554 /* Pods-FlixterUITests.debug.xcconfig */,
				C658A65FDA7767109C572690 /* Pods-FlixterUITests.release.xcconfig */,
			);
			name = Pods;
			sourceTree = "<group>";
		};
		F58F86AC285A4D8C00B8FE94 = {
			isa = PBXGroup;
			children = (
				F58F86B7285A4D8C00B8FE94 /* Flixter */,
				F58F86D3285A4D8D00B8FE94 /* FlixterTests */,
				F58F86DD285A4D8D00B8FE94 /* FlixterUITests */,
				F58F86B6285A4D8C00B8FE94 /* Products */,
				C30F62A601146136D84E2897 /* Pods */,
				B45DB2D83E45AFC61C9F7B3B /* Frameworks */,
			);
			sourceTree = "<group>";
		};
		F58F86B6285A4D8C00B8FE94 /* Products */ = {
			isa = PBXGroup;
			children = (
				F58F86B5285A4D8C00B8FE94 /* Flixter.app */,
				F58F86D0285A4D8D00B8FE94 /* FlixterTests.xctest */,
				F58F86DA285A4D8D00B8FE94 /* FlixterUITests.xctest */,
			);
			name = Products;
			sourceTree = "<group>";
		};
		F58F86B7285A4D8C00B8FE94 /* Flixter */ = {
			isa = PBXGroup;
			children = (
				F58F86B8285A4D8C00B8FE94 /* AppDelegate.h */,
				F58F86B9285A4D8C00B8FE94 /* AppDelegate.m */,
				F58F86BB285A4D8C00B8FE94 /* SceneDelegate.h */,
				F58F86BC285A4D8C00B8FE94 /* SceneDelegate.m */,
				F58F86C1285A4D8C00B8FE94 /* Main.storyboard */,
				F51C9D81285D384B004C47DE /* GridViewController.h */,
				F51C9D82285D384B004C47DE /* GridViewController.m */,
				F5DDB7302860EC030067C6C6 /* CollectionViewCell.h */,
				F5DDB7312860EC030067C6C6 /* CollectionViewCell.m */,
				F51C9D7E285CE5B3004C47DE /* DetailViewController.h */,
				F51C9D7F285CE5B3004C47DE /* DetailViewController.m */,
				F5FD3C2B285BE77D006DE2A3 /* MovieCell.h */,
				F5FD3C2C285BE77D006DE2A3 /* MovieCell.m */,
				F5FD3BE4285A9670006DE2A3 /* MovieViewController.h */,
				F5FD3BE5285A9670006DE2A3 /* MovieViewController.m */,
				F58F86C4285A4D8C00B8FE94 /* Assets.xcassets */,
				F58F86C6285A4D8C00B8FE94 /* LaunchScreen.storyboard */,
				F58F86C9285A4D8C00B8FE94 /* Info.plist */,
				F58F86CA285A4D8C00B8FE94 /* main.m */,
			);
			path = Flixter;
			sourceTree = "<group>";
		};
		F58F86D3285A4D8D00B8FE94 /* FlixterTests */ = {
			isa = PBXGroup;
			children = (
				F58F86D4285A4D8D00B8FE94 /* FlixterTests.m */,
			);
			path = FlixterTests;
			sourceTree = "<group>";
		};
		F58F86DD285A4D8D00B8FE94 /* FlixterUITests */ = {
			isa = PBXGroup;
			children = (
				F58F86DE285A4D8D00B8FE94 /* FlixterUITests.m */,
				F58F86E0285A4D8D00B8FE94 /* FlixterUITestsLaunchTests.m */,
			);
			path = FlixterUITests;
			sourceTree = "<group>";
		};
/* End PBXGroup section */

/* Begin PBXNativeTarget section */
		F58F86B4285A4D8C00B8FE94 /* Flixter */ = {
			isa = PBXNativeTarget;
			buildConfigurationList = F58F86E4285A4D8D00B8FE94 /* Build configuration list for PBXNativeTarget "Flixter" */;
			buildPhases = (
				AF4A2872A45988381642527D /* [CP] Check Pods Manifest.lock */,
				F58F86B1285A4D8C00B8FE94 /* Sources */,
				F58F86B2285A4D8C00B8FE94 /* Frameworks */,
				F58F86B3285A4D8C00B8FE94 /* Resources */,
			);
			buildRules = (
			);
			dependencies = (
			);
			name = Flixter;
			productName = Flixter;
			productReference = F58F86B5285A4D8C00B8FE94 /* Flixter.app */;
			productType = "com.apple.product-type.application";
		};
		F58F86CF285A4D8D00B8FE94 /* FlixterTests */ = {
			isa = PBXNativeTarget;
			buildConfigurationList = F58F86E7285A4D8D00B8FE94 /* Build configuration list for PBXNativeTarget "FlixterTests" */;
			buildPhases = (
				BE0A4E019A7C9E7E8BC81923 /* [CP] Check Pods Manifest.lock */,
				F58F86CC285A4D8D00B8FE94 /* Sources */,
				F58F86CD285A4D8D00B8FE94 /* Frameworks */,
				F58F86CE285A4D8D00B8FE94 /* Resources */,
			);
			buildRules = (
			);
			dependencies = (
				F58F86D2285A4D8D00B8FE94 /* PBXTargetDependency */,
			);
			name = FlixterTests;
			productName = FlixterTests;
			productReference = F58F86D0285A4D8D00B8FE94 /* FlixterTests.xctest */;
			productType = "com.apple.product-type.bundle.unit-test";
		};
		F58F86D9285A4D8D00B8FE94 /* FlixterUITests */ = {
			isa = PBXNativeTarget;
			buildConfigurationList = F58F86EA285A4D8D00B8FE94 /* Build configuration list for PBXNativeTarget "FlixterUITests" */;
			buildPhases = (
				EA5DB10C98DF60DAB8993CDA /* [CP] Check Pods Manifest.lock */,
				F58F86D6285A4D8D00B8FE94 /* Sources */,
				F58F86D7285A4D8D00B8FE94 /* Frameworks */,
				F58F86D8285A4D8D00B8FE94 /* Resources */,
			);
			buildRules = (
			);
			dependencies = (
				F58F86DC285A4D8D00B8FE94 /* PBXTargetDependency */,
			);
			name = FlixterUITests;
			productName = FlixterUITests;
			productReference = F58F86DA285A4D8D00B8FE94 /* FlixterUITests.xctest */;
			productType = "com.apple.product-type.bundle.ui-testing";
		};
/* End PBXNativeTarget section */

/* Begin PBXProject section */
		F58F86AD285A4D8C00B8FE94 /* Project object */ = {
			isa = PBXProject;
			attributes = {
				LastUpgradeCheck = 1340;
				TargetAttributes = {
					F58F86B4285A4D8C00B8FE94 = {
						CreatedOnToolsVersion = 13.4;
					};
					F58F86CF285A4D8D00B8FE94 = {
						CreatedOnToolsVersion = 13.4;
						TestTargetID = F58F86B4285A4D8C00B8FE94;
					};
					F58F86D9285A4D8D00B8FE94 = {
						CreatedOnToolsVersion = 13.4;
						TestTargetID = F58F86B4285A4D8C00B8FE94;
					};
				};
			};
			buildConfigurationList = F58F86B0285A4D8C00B8FE94 /* Build configuration list for PBXProject "Flixter" */;
			compatibilityVersion = "Xcode 13.0";
			developmentRegion = en;
			hasScannedForEncodings = 0;
			knownRegions = (
				en,
				Base,
			);
			mainGroup = F58F86AC285A4D8C00B8FE94;
			productRefGroup = F58F86B6285A4D8C00B8FE94 /* Products */;
			projectDirPath = "";
			projectRoot = "";
			targets = (
				F58F86B4285A4D8C00B8FE94 /* Flixter */,
				F58F86CF285A4D8D00B8FE94 /* FlixterTests */,
				F58F86D9285A4D8D00B8FE94 /* FlixterUITests */,
			);
		};
/* End PBXProject section */

/* Begin PBXResourcesBuildPhase section */
		F58F86B3285A4D8C00B8FE94 /* Resources */ = {
			isa = PBXResourcesBuildPhase;
			buildActionMask = 2147483647;
			files = (
				F58F86C8285A4D8C00B8FE94 /* LaunchScreen.storyboard in Resources */,
				F58F86C5285A4D8C00B8FE94 /* Assets.xcassets in Resources */,
				F58F86C3285A4D8C00B8FE94 /* Main.storyboard in Resources */,
			);
			runOnlyForDeploymentPostprocessing = 0;
		};
		F58F86CE285A4D8D00B8FE94 /* Resources */ = {
			isa = PBXResourcesBuildPhase;
			buildActionMask = 2147483647;
			files = (
			);
			runOnlyForDeploymentPostprocessing = 0;
		};
		F58F86D8285A4D8D00B8FE94 /* Resources */ = {
			isa = PBXResourcesBuildPhase;
			buildActionMask = 2147483647;
			files = (
			);
			runOnlyForDeploymentPostprocessing = 0;
		};
/* End PBXResourcesBuildPhase section */

/* Begin PBXShellScriptBuildPhase section */
		AF4A2872A45988381642527D /* [CP] Check Pods Manifest.lock */ = {
			isa = PBXShellScriptBuildPhase;
			buildActionMask = 2147483647;
			files = (
			);
			inputPaths = (
				"${PODS_PODFILE_DIR_PATH}/Podfile.lock",
				"${PODS_ROOT}/Manifest.lock",
			);
			name = "[CP] Check Pods Manifest.lock";
			outputPaths = (
				"$(DERIVED_FILE_DIR)/Pods-Flixter-checkManifestLockResult.txt",
			);
			runOnlyForDeploymentPostprocessing = 0;
			shellPath = /bin/sh;
			shellScript = "diff \"${PODS_PODFILE_DIR_PATH}/Podfile.lock\" \"${PODS_ROOT}/Manifest.lock\" > /dev/null\nif [ $? != 0 ] ; then\n    # print error to STDERR\n    echo \"error: The sandbox is not in sync with the Podfile.lock. Run 'pod install' or update your CocoaPods installation.\" >&2\n    exit 1\nfi\n# This output is used by Xcode 'outputs' to avoid re-running this script phase.\necho \"SUCCESS\" > \"${SCRIPT_OUTPUT_FILE_0}\"\n";
			showEnvVarsInLog = 0;
		};
		BE0A4E019A7C9E7E8BC81923 /* [CP] Check Pods Manifest.lock */ = {
			isa = PBXShellScriptBuildPhase;
			buildActionMask = 2147483647;
			files = (
			);
			inputPaths = (
				"${PODS_PODFILE_DIR_PATH}/Podfile.lock",
				"${PODS_ROOT}/Manifest.lock",
			);
			name = "[CP] Check Pods Manifest.lock";
			outputPaths = (
				"$(DERIVED_FILE_DIR)/Pods-FlixterTests-checkManifestLockResult.txt",
			);
			runOnlyForDeploymentPostprocessing = 0;
			shellPath = /bin/sh;
			shellScript = "diff \"${PODS_PODFILE_DIR_PATH}/Podfile.lock\" \"${PODS_ROOT}/Manifest.lock\" > /dev/null\nif [ $? != 0 ] ; then\n    # print error to STDERR\n    echo \"error: The sandbox is not in sync with the Podfile.lock. Run 'pod install' or update your CocoaPods installation.\" >&2\n    exit 1\nfi\n# This output is used by Xcode 'outputs' to avoid re-running this script phase.\necho \"SUCCESS\" > \"${SCRIPT_OUTPUT_FILE_0}\"\n";
			showEnvVarsInLog = 0;
		};
		EA5DB10C98DF60DAB8993CDA /* [CP] Check Pods Manifest.lock */ = {
			isa = PBXShellScriptBuildPhase;
			buildActionMask = 2147483647;
			files = (
			);
			inputPaths = (
				"${PODS_PODFILE_DIR_PATH}/Podfile.lock",
				"${PODS_ROOT}/Manifest.lock",
			);
			name = "[CP] Check Pods Manifest.lock";
			outputPaths = (
				"$(DERIVED_FILE_DIR)/Pods-FlixterUITests-checkManifestLockResult.txt",
			);
			runOnlyForDeploymentPostprocessing = 0;
			shellPath = /bin/sh;
			shellScript = "diff \"${PODS_PODFILE_DIR_PATH}/Podfile.lock\" \"${PODS_ROOT}/Manifest.lock\" > /dev/null\nif [ $? != 0 ] ; then\n    # print error to STDERR\n    echo \"error: The sandbox is not in sync with the Podfile.lock. Run 'pod install' or update your CocoaPods installation.\" >&2\n    exit 1\nfi\n# This output is used by Xcode 'outputs' to avoid re-running this script phase.\necho \"SUCCESS\" > \"${SCRIPT_OUTPUT_FILE_0}\"\n";
			showEnvVarsInLog = 0;
		};
/* End PBXShellScriptBuildPhase section */

/* Begin PBXSourcesBuildPhase section */
		F58F86B1285A4D8C00B8FE94 /* Sources */ = {
			isa = PBXSourcesBuildPhase;
			buildActionMask = 2147483647;
			files = (
				F58F86BA285A4D8C00B8FE94 /* AppDelegate.m in Sources */,
				F58F86CB285A4D8C00B8FE94 /* main.m in Sources */,
				F5FD3C2D285BE77D006DE2A3 /* MovieCell.m in Sources */,
				F58F86BD285A4D8C00B8FE94 /* SceneDelegate.m in Sources */,
				F51C9D83285D384B004C47DE /* GridViewController.m in Sources */,
				F5FD3BE6285A9670006DE2A3 /* MovieViewController.m in Sources */,
				F5DDB7322860EC030067C6C6 /* CollectionViewCell.m in Sources */,
				F51C9D80285CE5B3004C47DE /* DetailViewController.m in Sources */,
			);
			runOnlyForDeploymentPostprocessing = 0;
		};
		F58F86CC285A4D8D00B8FE94 /* Sources */ = {
			isa = PBXSourcesBuildPhase;
			buildActionMask = 2147483647;
			files = (
				F58F86D5285A4D8D00B8FE94 /* FlixterTests.m in Sources */,
			);
			runOnlyForDeploymentPostprocessing = 0;
		};
		F58F86D6285A4D8D00B8FE94 /* Sources */ = {
			isa = PBXSourcesBuildPhase;
			buildActionMask = 2147483647;
			files = (
				F58F86DF285A4D8D00B8FE94 /* FlixterUITests.m in Sources */,
				F58F86E1285A4D8D00B8FE94 /* FlixterUITestsLaunchTests.m in Sources */,
			);
			runOnlyForDeploymentPostprocessing = 0;
		};
/* End PBXSourcesBuildPhase section */

/* Begin PBXTargetDependency section */
		F58F86D2285A4D8D00B8FE94 /* PBXTargetDependency */ = {
			isa = PBXTargetDependency;
			target = F58F86B4285A4D8C00B8FE94 /* Flixter */;
			targetProxy = F58F86D1285A4D8D00B8FE94 /* PBXContainerItemProxy */;
		};
		F58F86DC285A4D8D00B8FE94 /* PBXTargetDependency */ = {
			isa = PBXTargetDependency;
			target = F58F86B4285A4D8C00B8FE94 /* Flixter */;
			targetProxy = F58F86DB285A4D8D00B8FE94 /* PBXContainerItemProxy */;
		};
/* End PBXTargetDependency section */

/* Begin PBXVariantGroup section */
		F58F86C1285A4D8C00B8FE94 /* Main.storyboard */ = {
			isa = PBXVariantGroup;
			children = (
				F58F86C2285A4D8C00B8FE94 /* Base */,
			);
			name = Main.storyboard;
			sourceTree = "<group>";
		};
		F58F86C6285A4D8C00B8FE94 /* LaunchScreen.storyboard */ = {
			isa = PBXVariantGroup;
			children = (
				F58F86C7285A4D8C00B8FE94 /* Base */,
			);
			name = LaunchScreen.storyboard;
			sourceTree = "<group>";
		};
/* End PBXVariantGroup section */

/* Begin XCBuildConfiguration section */
		F58F86E2285A4D8D00B8FE94 /* Debug */ = {
			isa = XCBuildConfiguration;
			buildSettings = {
				ALWAYS_SEARCH_USER_PATHS = NO;
				CLANG_ANALYZER_NONNULL = YES;
				CLANG_ANALYZER_NUMBER_OBJECT_CONVERSION = YES_AGGRESSIVE;
				CLANG_CXX_LANGUAGE_STANDARD = "gnu++17";
				CLANG_ENABLE_MODULES = YES;
				CLANG_ENABLE_OBJC_ARC = YES;
				CLANG_ENABLE_OBJC_WEAK = YES;
				CLANG_WARN_BLOCK_CAPTURE_AUTORELEASING = YES;
				CLANG_WARN_BOOL_CONVERSION = YES;
				CLANG_WARN_COMMA = YES;
				CLANG_WARN_CONSTANT_CONVERSION = YES;
				CLANG_WARN_DEPRECATED_OBJC_IMPLEMENTATIONS = YES;
				CLANG_WARN_DIRECT_OBJC_ISA_USAGE = YES_ERROR;
				CLANG_WARN_DOCUMENTATION_COMMENTS = YES;
				CLANG_WARN_EMPTY_BODY = YES;
				CLANG_WARN_ENUM_CONVERSION = YES;
				CLANG_WARN_INFINITE_RECURSION = YES;
				CLANG_WARN_INT_CONVERSION = YES;
				CLANG_WARN_NON_LITERAL_NULL_CONVERSION = YES;
				CLANG_WARN_OBJC_IMPLICIT_RETAIN_SELF = YES;
				CLANG_WARN_OBJC_LITERAL_CONVERSION = YES;
				CLANG_WARN_OBJC_ROOT_CLASS = YES_ERROR;
				CLANG_WARN_QUOTED_INCLUDE_IN_FRAMEWORK_HEADER = YES;
				CLANG_WARN_RANGE_LOOP_ANALYSIS = YES;
				CLANG_WARN_STRICT_PROTOTYPES = YES;
				CLANG_WARN_SUSPICIOUS_MOVE = YES;
				CLANG_WARN_UNGUARDED_AVAILABILITY = YES_AGGRESSIVE;
				CLANG_WARN_UNREACHABLE_CODE = YES;
				CLANG_WARN__DUPLICATE_METHOD_MATCH = YES;
				COPY_PHASE_STRIP = NO;
				DEBUG_INFORMATION_FORMAT = dwarf;
				ENABLE_STRICT_OBJC_MSGSEND = YES;
				ENABLE_TESTABILITY = YES;
				GCC_C_LANGUAGE_STANDARD = gnu11;
				GCC_DYNAMIC_NO_PIC = NO;
				GCC_NO_COMMON_BLOCKS = YES;
				GCC_OPTIMIZATION_LEVEL = 0;
				GCC_PREPROCESSOR_DEFINITIONS = (
					"DEBUG=1",
					"$(inherited)",
				);
				GCC_WARN_64_TO_32_BIT_CONVERSION = YES;
				GCC_WARN_ABOUT_RETURN_TYPE = YES_ERROR;
				GCC_WARN_UNDECLARED_SELECTOR = YES;
				GCC_WARN_UNINITIALIZED_AUTOS = YES_AGGRESSIVE;
				GCC_WARN_UNUSED_FUNCTION = YES;
				GCC_WARN_UNUSED_VARIABLE = YES;
				IPHONEOS_DEPLOYMENT_TARGET = 15.5;
				MTL_ENABLE_DEBUG_INFO = INCLUDE_SOURCE;
				MTL_FAST_MATH = YES;
				ONLY_ACTIVE_ARCH = YES;
				SDKROOT = iphoneos;
			};
			name = Debug;
		};
		F58F86E3285A4D8D00B8FE94 /* Release */ = {
			isa = XCBuildConfiguration;
			buildSettings = {
				ALWAYS_SEARCH_USER_PATHS = NO;
				CLANG_ANALYZER_NONNULL = YES;
				CLANG_ANALYZER_NUMBER_OBJECT_CONVERSION = YES_AGGRESSIVE;
				CLANG_CXX_LANGUAGE_STANDARD = "gnu++17";
				CLANG_ENABLE_MODULES = YES;
				CLANG_ENABLE_OBJC_ARC = YES;
				CLANG_ENABLE_OBJC_WEAK = YES;
				CLANG_WARN_BLOCK_CAPTURE_AUTORELEASING = YES;
				CLANG_WARN_BOOL_CONVERSION = YES;
				CLANG_WARN_COMMA = YES;
				CLANG_WARN_CONSTANT_CONVERSION = YES;
				CLANG_WARN_DEPRECATED_OBJC_IMPLEMENTATIONS = YES;
				CLANG_WARN_DIRECT_OBJC_ISA_USAGE = YES_ERROR;
				CLANG_WARN_DOCUMENTATION_COMMENTS = YES;
				CLANG_WARN_EMPTY_BODY = YES;
				CLANG_WARN_ENUM_CONVERSION = YES;
				CLANG_WARN_INFINITE_RECURSION = YES;
				CLANG_WARN_INT_CONVERSION = YES;
				CLANG_WARN_NON_LITERAL_NULL_CONVERSION = YES;
				CLANG_WARN_OBJC_IMPLICIT_RETAIN_SELF = YES;
				CLANG_WARN_OBJC_LITERAL_CONVERSION = YES;
				CLANG_WARN_OBJC_ROOT_CLASS = YES_ERROR;
				CLANG_WARN_QUOTED_INCLUDE_IN_FRAMEWORK_HEADER = YES;
				CLANG_WARN_RANGE_LOOP_ANALYSIS = YES;
				CLANG_WARN_STRICT_PROTOTYPES = YES;
				CLANG_WARN_SUSPICIOUS_MOVE = YES;
				CLANG_WARN_UNGUARDED_AVAILABILITY = YES_AGGRESSIVE;
				CLANG_WARN_UNREACHABLE_CODE = YES;
				CLANG_WARN__DUPLICATE_METHOD_MATCH = YES;
				COPY_PHASE_STRIP = NO;
				DEBUG_INFORMATION_FORMAT = "dwarf-with-dsym";
				ENABLE_NS_ASSERTIONS = NO;
				ENABLE_STRICT_OBJC_MSGSEND = YES;
				GCC_C_LANGUAGE_STANDARD = gnu11;
				GCC_NO_COMMON_BLOCKS = YES;
				GCC_WARN_64_TO_32_BIT_CONVERSION = YES;
				GCC_WARN_ABOUT_RETURN_TYPE = YES_ERROR;
				GCC_WARN_UNDECLARED_SELECTOR = YES;
				GCC_WARN_UNINITIALIZED_AUTOS = YES_AGGRESSIVE;
				GCC_WARN_UNUSED_FUNCTION = YES;
				GCC_WARN_UNUSED_VARIABLE = YES;
				IPHONEOS_DEPLOYMENT_TARGET = 15.5;
				MTL_ENABLE_DEBUG_INFO = NO;
				MTL_FAST_MATH = YES;
				SDKROOT = iphoneos;
				VALIDATE_PRODUCT = YES;
			};
			name = Release;
		};
		F58F86E5285A4D8D00B8FE94 /* Debug */ = {
			isa = XCBuildConfiguration;
			baseConfigurationReference = E9134B4AF3F001A08D5EB532 /* Pods-Flixter.debug.xcconfig */;
			buildSettings = {
				ASSETCATALOG_COMPILER_APPICON_NAME = AppIcon;
				ASSETCATALOG_COMPILER_GLOBAL_ACCENT_COLOR_NAME = AccentColor;
				CODE_SIGN_STYLE = Automatic;
				CURRENT_PROJECT_VERSION = 1;
				GENERATE_INFOPLIST_FILE = YES;
				INFOPLIST_FILE = Flixter/Info.plist;
				INFOPLIST_KEY_UIApplicationSupportsIndirectInputEvents = YES;
				INFOPLIST_KEY_UILaunchStoryboardName = LaunchScreen;
				INFOPLIST_KEY_UIMainStoryboardFile = Main;
				INFOPLIST_KEY_UISupportedInterfaceOrientations_iPad = "UIInterfaceOrientationPortrait UIInterfaceOrientationPortraitUpsideDown UIInterfaceOrientationLandscapeLeft UIInterfaceOrientationLandscapeRight";
				INFOPLIST_KEY_UISupportedInterfaceOrientations_iPhone = "UIInterfaceOrientationPortrait UIInterfaceOrientationLandscapeLeft UIInterfaceOrientationLandscapeRight";
				LD_RUNPATH_SEARCH_PATHS = (
					"$(inherited)",
					"@executable_path/Frameworks",
				);
				MARKETING_VERSION = 1.0;
				PRODUCT_BUNDLE_IDENTIFIER = com.fb.Flixter;
				PRODUCT_NAME = "$(TARGET_NAME)";
				SWIFT_EMIT_LOC_STRINGS = YES;
				TARGETED_DEVICE_FAMILY = "1,2";
			};
			name = Debug;
		};
		F58F86E6285A4D8D00B8FE94 /* Release */ = {
			isa = XCBuildConfiguration;
			baseConfigurationReference = 701740238D441FBFDEE582E1 /* Pods-Flixter.release.xcconfig */;
			buildSettings = {
				ASSETCATALOG_COMPILER_APPICON_NAME = AppIcon;
				ASSETCATALOG_COMPILER_GLOBAL_ACCENT_COLOR_NAME = AccentColor;
				CODE_SIGN_STYLE = Automatic;
				CURRENT_PROJECT_VERSION = 1;
				GENERATE_INFOPLIST_FILE = YES;
				INFOPLIST_FILE = Flixter/Info.plist;
				INFOPLIST_KEY_UIApplicationSupportsIndirectInputEvents = YES;
				INFOPLIST_KEY_UILaunchStoryboardName = LaunchScreen;
				INFOPLIST_KEY_UIMainStoryboardFile = Main;
				INFOPLIST_KEY_UISupportedInterfaceOrientations_iPad = "UIInterfaceOrientationPortrait UIInterfaceOrientationPortraitUpsideDown UIInterfaceOrientationLandscapeLeft UIInterfaceOrientationLandscapeRight";
				INFOPLIST_KEY_UISupportedInterfaceOrientations_iPhone = "UIInterfaceOrientationPortrait UIInterfaceOrientationLandscapeLeft UIInterfaceOrientationLandscapeRight";
				LD_RUNPATH_SEARCH_PATHS = (
					"$(inherited)",
					"@executable_path/Frameworks",
				);
				MARKETING_VERSION = 1.0;
				PRODUCT_BUNDLE_IDENTIFIER = com.fb.Flixter;
				PRODUCT_NAME = "$(TARGET_NAME)";
				SWIFT_EMIT_LOC_STRINGS = YES;
				TARGETED_DEVICE_FAMILY = "1,2";
			};
			name = Release;
		};
		F58F86E8285A4D8D00B8FE94 /* Debug */ = {
			isa = XCBuildConfiguration;
			baseConfigurationReference = EAD5E21A4371ED6BC12D1DC9 /* Pods-FlixterTests.debug.xcconfig */;
			buildSettings = {
				BUNDLE_LOADER = "$(TEST_HOST)";
				CODE_SIGN_STYLE = Automatic;
				CURRENT_PROJECT_VERSION = 1;
				GENERATE_INFOPLIST_FILE = YES;
				IPHONEOS_DEPLOYMENT_TARGET = 15.5;
				MARKETING_VERSION = 1.0;
				PRODUCT_BUNDLE_IDENTIFIER = com.fb.FlixterTests;
				PRODUCT_NAME = "$(TARGET_NAME)";
				SWIFT_EMIT_LOC_STRINGS = NO;
				TARGETED_DEVICE_FAMILY = "1,2";
				TEST_HOST = "$(BUILT_PRODUCTS_DIR)/Flixter.app/Flixter";
			};
			name = Debug;
		};
		F58F86E9285A4D8D00B8FE94 /* Release */ = {
			isa = XCBuildConfiguration;
			baseConfigurationReference = BB110548A745F786B6A1ED96 /* Pods-FlixterTests.release.xcconfig */;
			buildSettings = {
				BUNDLE_LOADER = "$(TEST_HOST)";
				CODE_SIGN_STYLE = Automatic;
				CURRENT_PROJECT_VERSION = 1;
				GENERATE_INFOPLIST_FILE = YES;
				IPHONEOS_DEPLOYMENT_TARGET = 15.5;
				MARKETING_VERSION = 1.0;
				PRODUCT_BUNDLE_IDENTIFIER = com.fb.FlixterTests;
				PRODUCT_NAME = "$(TARGET_NAME)";
				SWIFT_EMIT_LOC_STRINGS = NO;
				TARGETED_DEVICE_FAMILY = "1,2";
				TEST_HOST = "$(BUILT_PRODUCTS_DIR)/Flixter.app/Flixter";
			};
			name = Release;
		};
		F58F86EB285A4D8D00B8FE94 /* Debug */ = {
			isa = XCBuildConfiguration;
			baseConfigurationReference = 2EB2FF3EDCC6C76C56597554 /* Pods-FlixterUITests.debug.xcconfig */;
			buildSettings = {
				CODE_SIGN_STYLE = Automatic;
				CURRENT_PROJECT_VERSION = 1;
				GENERATE_INFOPLIST_FILE = YES;
				MARKETING_VERSION = 1.0;
				PRODUCT_BUNDLE_IDENTIFIER = com.fb.FlixterUITests;
				PRODUCT_NAME = "$(TARGET_NAME)";
				SWIFT_EMIT_LOC_STRINGS = NO;
				TARGETED_DEVICE_FAMILY = "1,2";
				TEST_TARGET_NAME = Flixter;
			};
			name = Debug;
		};
		F58F86EC285A4D8D00B8FE94 /* Release */ = {
			isa = XCBuildConfiguration;
			baseConfigurationReference = C658A65FDA7767109C572690 /* Pods-FlixterUITests.release.xcconfig */;
			buildSettings = {
				CODE_SIGN_STYLE = Automatic;
				CURRENT_PROJECT_VERSION = 1;
				GENERATE_INFOPLIST_FILE = YES;
				MARKETING_VERSION = 1.0;
				PRODUCT_BUNDLE_IDENTIFIER = com.fb.FlixterUITests;
				PRODUCT_NAME = "$(TARGET_NAME)";
				SWIFT_EMIT_LOC_STRINGS = NO;
				TARGETED_DEVICE_FAMILY = "1,2";
				TEST_TARGET_NAME = Flixter;
			};
			name = Release;
		};
/* End XCBuildConfiguration section */

/* Begin XCConfigurationList section */
		F58F86B0285A4D8C00B8FE94 /* Build configuration list for PBXProject "Flixter" */ = {
			isa = XCConfigurationList;
			buildConfigurations = (
				F58F86E2285A4D8D00B8FE94 /* Debug */,
				F58F86E3285A4D8D00B8FE94 /* Release */,
			);
			defaultConfigurationIsVisible = 0;
			defaultConfigurationName = Release;
		};
		F58F86E4285A4D8D00B8FE94 /* Build configuration list for PBXNativeTarget "Flixter" */ = {
			isa = XCConfigurationList;
			buildConfigurations = (
				F58F86E5285A4D8D00B8FE94 /* Debug */,
				F58F86E6285A4D8D00B8FE94 /* Release */,
			);
			defaultConfigurationIsVisible = 0;
			defaultConfigurationName = Release;
		};
		F58F86E7285A4D8D00B8FE94 /* Build configuration list for PBXNativeTarget "FlixterTests" */ = {
			isa = XCConfigurationList;
			buildConfigurations = (
				F58F86E8285A4D8D00B8FE94 /* Debug */,
				F58F86E9285A4D8D00B8FE94 /* Release */,
			);
			defaultConfigurationIsVisible = 0;
			defaultConfigurationName = Release;
		};
		F58F86EA285A4D8D00B8FE94 /* Build configuration list for PBXNativeTarget "FlixterUITests" */ = {
			isa = XCConfigurationList;
			buildConfigurations = (
				F58F86EB285A4D8D00B8FE94 /* Debug */,
				F58F86EC285A4D8D00B8FE94 /* Release */,
			);
			defaultConfigurationIsVisible = 0;
			defaultConfigurationName = Release;
		};
/* End XCConfigurationList section */
	};
	rootObject = F58F86AD285A4D8C00B8FE94 /* Project object */;
}
